
Microsoft Visual Studio Solution File, Format Version 12.00
# Visual Studio Version 17
VisualStudioVersion = 17.0.31912.275
MinimumVisualStudioVersion = 10.0.40219.1
Project("{FAE04EC0-301F-11D3-BF4B-00C04F79EFBC}") = "FluentValidationDemo", "FluentValidationDemo\FluentValidationDemo.csproj", "{533FA0BB-4CB5-4029-AED1-6109EC466ABD}"
EndProject
Project("{FAE04EC0-301F-11D3-BF4B-00C04F79EFBC}") = "ModelLibrary", "ModelLibrary\ModelLibrary.csproj", "{528170C3-2BCD-4C49-B4BA-A780F460B809}"
EndProject
Global
	GlobalSection(SolutionConfigurationPlatforms) = preSolution
		Debug|Any CPU = Debug|Any CPU
		Release|Any CPU = Release|Any CPU
	EndGlobalSection
	GlobalSection(ProjectConfigurationPlatforms) = postSolution
		{533FA0BB-4CB5-4029-AED1-6109EC466ABD}.Debug|Any CPU.ActiveCfg = Debug|Any CPU
		{533FA0BB-4CB5-4029-AED1-6109EC466ABD}.Debug|Any CPU.Build.0 = Debug|Any CPU
		{533FA0BB-4CB5-4029-AED1-6109EC466ABD}.Release|Any CPU.ActiveCfg = Release|Any CPU
		{533FA0BB-4CB5-4029-AED1-6109EC466ABD}.Release|Any CPU.Build.0 = Release|Any CPU
		{528170C3-2BCD-4C49-B4BA-A780F460B809}.Debug|Any CPU.ActiveCfg = Debug|Any CPU
		{528170C3-2BCD-4C49-B4BA-A780F460B809}.Debug|Any CPU.Build.0 = Debug|Any CPU
		{528170C3-2BCD-4C49-B4BA-A780F460B809}.Release|Any CPU.ActiveCfg = Release|Any CPU
		{528170C3-2BCD-4C49-B4BA-A780F460B809}.Release|Any CPU.Build.0 = Release|Any CPU
	EndGlobalSection
	GlobalSection(SolutionProperties) = preSolution
		HideSolutionNode = FALSE
	EndGlobalSection
	GlobalSection(ExtensibilityGlobals) = postSolution
		SolutionGuid = {AD50302D-25BB-4E49-BCB0-B5C138C3DDAD}
	EndGlobalSection
EndGlobal
